
Microsoft Visual Studio Solution File, Format Version 12.00
# Visual Studio Version 16
VisualStudioVersion = 16.0.29827.131
MinimumVisualStudioVersion = 10.0.40219.1
Project("{9A19103F-16F7-4668-BE54-9A1E7A4F7556}") = "Silent_dotnet_core", "Silent_dotnet_core.csproj", "{DB9AEBCC-3E5F-47FE-8415-717E8ECC0481}"
EndProject
Global
	GlobalSection(SolutionConfigurationPlatforms) = preSolution
		Debug|Any CPU = Debug|Any CPU
		Debug|x64 = Debug|x64
		Release|Any CPU = Release|Any CPU
		Release|x64 = Release|x64
	EndGlobalSection
	GlobalSection(ProjectConfigurationPlatforms) = postSolution
		{DB9AEBCC-3E5F-47FE-8415-717E8ECC0481}.Debug|Any CPU.ActiveCfg = Debug|Any CPU
		{DB9AEBCC-3E5F-47FE-8415-717E8ECC0481}.Debug|Any CPU.Build.0 = Debug|Any CPU
		{DB9AEBCC-3E5F-47FE-8415-717E8ECC0481}.Debug|x64.ActiveCfg = Debug|x64
		{DB9AEBCC-3E5F-47FE-8415-717E8ECC0481}.Debug|x64.Build.0 = Debug|x64
		{DB9AEBCC-3E5F-47FE-8415-717E8ECC0481}.Release|Any CPU.ActiveCfg = Release|Any CPU
		{DB9AEBCC-3E5F-47FE-8415-717E8ECC0481}.Release|Any CPU.Build.0 = Release|Any CPU
		{DB9AEBCC-3E5F-47FE-8415-717E8ECC0481}.Release|x64.ActiveCfg = Release|x64
		{DB9AEBCC-3E5F-47FE-8415-717E8ECC0481}.Release|x64.Build.0 = Release|x64
	EndGlobalSection
	GlobalSection(SolutionProperties) = preSolution
		HideSolutionNode = FALSE
	EndGlobalSection
	GlobalSection(ExtensibilityGlobals) = postSolution
		SolutionGuid = {CA3E9BA0-6975-4ADD-9CA9-7687D33CD620}
	EndGlobalSection
EndGlobal
